{
  "name": "oma-sdf",
  "version": "0.2.0",
  "lockfileVersion": 3,
  "requires": true,
  "packages": {
    "": {
      "name": "oma-sdf",
      "version": "0.2.0",
      "license": "BSD-3-Clause",
      "dependencies": {
        "oma2sdf": "file:oma2sdf",
        "sdf2oma": "file:sdf2oma"
      },
      "devDependencies": {}
    },
    "node_modules/debug": {
      "version": "4.4.3",
      "resolved": "https://arm.seli.gic.ericsson.se/artifactory/api/npm/proj-e-uisdk-npm/debug/-/debug-4.4.3.tgz",
      "integrity": "sha512-RGwwWnwQvkVfavKVt22FGLw+xYSdzARwm0ru6DhTVA3umU5hZc28V3kO4stgYryrTlLpuvgI9GiijltAjNbcqA==",
      "license": "MIT",
      "dependencies": {
        "ms": "^2.1.3"
      },
      "engines": {
        "node": ">=6.0"
      },
      "peerDependenciesMeta": {
        "supports-color": {
          "optional": true
        }
      }
    },
    "node_modules/jstoxml": {
      "version": "7.1.0",
      "resolved": "https://arm.seli.gic.ericsson.se/artifactory/api/npm/proj-e-uisdk-npm/jstoxml/-/jstoxml-7.1.0.tgz",
      "integrity": "sha512-IUETuZk3Gza+5xcG85DA00UuBXjpvyDsHXuSgj/wk6WtLSRDBSYNFNG/bGvUR8jzC0cyk2Xe9uL6qi4tTAOaGg==",
      "license": "MIT"
    },
    "node_modules/ms": {
      "version": "2.1.3",
      "resolved": "https://arm.seli.gic.ericsson.se/artifactory/api/npm/proj-e-uisdk-npm/ms/-/ms-2.1.3.tgz",
      "integrity": "sha512-6FlzubTLZG3J2a/NVCAleEhjzq5oxgHyaCU9yYXvcLsvoVaHJq/s5xXI6/XXP6tz7R9xAOtHnSO/tXtF3WRTlA==",
      "license": "MIT"
    },
    "node_modules/oma2sdf": {
      "resolved": "oma2sdf",
      "link": true
    },
    "node_modules/sax": {
      "version": "1.6.0",
      "resolved": "https://arm.seli.gic.ericsson.se/artifactory/api/npm/proj-e-uisdk-npm/sax/-/sax-1.6.0.tgz",
      "integrity": "sha512-6R3J5M4AcbtLUdZmRv2SygeVaM7IhrLXu9BmnOGmmACak8fiUtOsYNWUS4uK7upbmHIBbLBeFeI//477BKLBzA==",
      "license": "BlueOak-1.0.0",
      "engines": {
        "node": ">=11.0.0"
      }
    },
    "node_modules/sdf2oma": {
      "resolved": "sdf2oma",
      "link": true
    },
    "node_modules/xml-formatter": {
      "version": "3.7.0",
      "resolved": "https://arm.seli.gic.ericsson.se/artifactory/api/npm/proj-e-uisdk-npm/xml-formatter/-/xml-formatter-3.7.0.tgz",
      "integrity": "sha512-+8qTc3zv2UcJ1v9IsSIce37Dl4MQG14Cp7tWrwmy202UaI1wqRukw5QMX1JHsV+DX64yw77EgGsj2s5wGvuMbQ==",
      "license": "MIT",
      "dependencies": {
        "xml-parser-xo": "^4.1.5"
      },
      "engines": {
        "node": ">= 16"
      }
    },
    "node_modules/xml-parser-xo": {
      "version": "4.1.5",
      "resolved": "https://arm.seli.gic.ericsson.se/artifactory/api/npm/proj-e-uisdk-npm/xml-parser-xo/-/xml-parser-xo-4.1.5.tgz",
      "integrity": "sha512-TxyRxk9sTOUg3glxSIY6f0nfuqRll2OEF8TspLgh5mZkLuBgheCn3zClcDSGJ58TvNmiwyCCuat4UajPud/5Og==",
      "license": "MIT",
      "engines": {
        "node": ">= 16"
      }
    },
    "node_modules/xmldoc": {
      "version": "2.0.3",
      "resolved": "https://arm.seli.gic.ericsson.se/artifactory/api/npm/proj-e-uisdk-npm/xmldoc/-/xmldoc-2.0.3.tgz",
      "integrity": "sha512-6gRk4NY/Jvg67xn7OzJuxLRsGgiXBaPUQplVJ/9l99uIugxh4FTOewYz5ic8WScj7Xx/2WvhENiQKwkK9RpE4w==",
      "license": "MIT",
      "dependencies": {
        "sax": "^1.4.3"
      },
      "engines": {
        "node": ">=12.0.0"
      }
    },
    "oma2sdf": {
      "version": "0.2.0",
      "license": "BSD-3-Clause",
      "dependencies": {
        "debug": "^4.4.3",
        "xmldoc": "^2.0.3"
      },
      "devDependencies": {}
    },
    "sdf2oma": {
      "version": "0.2.0",
      "license": "BSD-3-Clause",
      "dependencies": {
        "debug": "^4.4.3",
        "jstoxml": "^7.1.0",
        "xml-formatter": "^3.7.0"
      },
      "devDependencies": {}
    }
  }
}
